
Microsoft Visual Studio Solution File, Format Version 12.00
# Visual Studio Version 16
VisualStudioVersion = 16.0.28407.52
MinimumVisualStudioVersion = 10.0.40219.1
Project("{2150E333-8FDC-42A3-9474-1A3956D46DE8}") = "Clients", "Clients", "{133C21FE-310E-49F0-8CC2-C2666CCEEFEF}"
EndProject
Project("{2150E333-8FDC-42A3-9474-1A3956D46DE8}") = "Services", "Services", "{A2C22E8A-C757-4652-864B-3760E1E0FE23}"
EndProject
Project("{2150E333-8FDC-42A3-9474-1A3956D46DE8}") = "Chat", "Chat", "{5F2FB185-4442-4C91-8BA1-E569A1A3E308}"
EndProject
Project("{9A19103F-16F7-4668-BE54-9A1E7A4F7556}") = "Web.Api", "src\Services\Chat\LibraProgramming.Services.Chat.Api\Web.Api.csproj", "{B3A72453-EC6C-48D5-9A13-C5414F6902AB}"
EndProject
Project("{9A19103F-16F7-4668-BE54-9A1E7A4F7556}") = "Client.Common", "src\Clients\LibraProgramming.ChatRoom.Client.Common\Client.Common.csproj", "{E7F59160-EF30-4EFE-846D-753CE4D4A954}"
EndProject
Project("{FAE04EC0-301F-11D3-BF4B-00C04F79EFBC}") = "Client.Android", "src\Clients\LibraProgramming.ChatRoom.Client.Android\Client.Android.csproj", "{AE8DAD4D-DC6E-4E7F-9CB0-2B6EBF439699}"
EndProject
Project("{9A19103F-16F7-4668-BE54-9A1E7A4F7556}") = "Web.Domain", "src\Services\Chat\LibraProgramming.Services.Chat.Domain\Web.Domain.csproj", "{48801D64-75CF-42FC-89E8-63D6E3B62440}"
EndProject
Project("{9A19103F-16F7-4668-BE54-9A1E7A4F7556}") = "Chat.Contracts", "src\Services\Chat\LibraProgramming.Services.Chat.Contracts\Chat.Contracts.csproj", "{977F72E7-20AA-4532-971F-710F8DE5B92C}"
EndProject
Project("{9A19103F-16F7-4668-BE54-9A1E7A4F7556}") = "Chat.Grains", "src\Services\Chat\LibraProgramming.Services.Chat.Grains\Chat.Grains.csproj", "{A26B9456-E10C-40AC-92DF-4ADC6FDB6DA0}"
EndProject
Project("{9A19103F-16F7-4668-BE54-9A1E7A4F7556}") = "Chat.Silo", "src\Services\Chat\LibraProgramming.Services.Chat.Silo\Chat.Silo.csproj", "{DC042C3F-080D-49AA-8AC6-4F397CE79EA4}"
EndProject
Project("{2150E333-8FDC-42A3-9474-1A3956D46DE8}") = "Solution Items", "Solution Items", "{7DDD03A6-9BC6-4E0A-9F80-F265E5C77DAD}"
	ProjectSection(SolutionItems) = preProject
		azure-pipelines.yml = azure-pipelines.yml
		README.md = README.md
	EndProjectSection
EndProject
Project("{FAE04EC0-301F-11D3-BF4B-00C04F79EFBC}") = "Client.UWP", "src\Clients\LibraProgramming.ChatRoom.Client.UWP\Client.UWP.csproj", "{1F70B8F7-2A88-4CC6-AD06-73F513CEA2A2}"
EndProject
Global
	GlobalSection(SolutionConfigurationPlatforms) = preSolution
		Debug|Any CPU = Debug|Any CPU
		Debug|ARM = Debug|ARM
		Debug|iPhone = Debug|iPhone
		Debug|iPhoneSimulator = Debug|iPhoneSimulator
		Debug|x64 = Debug|x64
		Debug|x86 = Debug|x86
		Release|Any CPU = Release|Any CPU
		Release|ARM = Release|ARM
		Release|iPhone = Release|iPhone
		Release|iPhoneSimulator = Release|iPhoneSimulator
		Release|x64 = Release|x64
		Release|x86 = Release|x86
	EndGlobalSection
	GlobalSection(ProjectConfigurationPlatforms) = postSolution
		{B3A72453-EC6C-48D5-9A13-C5414F6902AB}.Debug|Any CPU.ActiveCfg = Debug|Any CPU
		{B3A72453-EC6C-48D5-9A13-C5414F6902AB}.Debug|Any CPU.Build.0 = Debug|Any CPU
		{B3A72453-EC6C-48D5-9A13-C5414F6902AB}.Debug|ARM.ActiveCfg = Debug|Any CPU
		{B3A72453-EC6C-48D5-9A13-C5414F6902AB}.Debug|ARM.Build.0 = Debug|Any CPU
		{B3A72453-EC6C-48D5-9A13-C5414F6902AB}.Debug|iPhone.ActiveCfg = Debug|Any CPU
		{B3A72453-EC6C-48D5-9A13-C5414F6902AB}.Debug|iPhone.Build.0 = Debug|Any CPU
		{B3A72453-EC6C-48D5-9A13-C5414F6902AB}.Debug|iPhoneSimulator.ActiveCfg = Debug|Any CPU
		{B3A72453-EC6C-48D5-9A13-C5414F6902AB}.Debug|iPhoneSimulator.Build.0 = Debug|Any CPU
		{B3A72453-EC6C-48D5-9A13-C5414F6902AB}.Debug|x64.ActiveCfg = Debug|Any CPU
		{B3A72453-EC6C-48D5-9A13-C5414F6902AB}.Debug|x64.Build.0 = Debug|Any CPU
		{B3A72453-EC6C-48D5-9A13-C5414F6902AB}.Debug|x86.ActiveCfg = Debug|Any CPU
		{B3A72453-EC6C-48D5-9A13-C5414F6902AB}.Debug|x86.Build.0 = Debug|Any CPU
		{B3A72453-EC6C-48D5-9A13-C5414F6902AB}.Release|Any CPU.ActiveCfg = Release|Any CPU
		{B3A72453-EC6C-48D5-9A13-C5414F6902AB}.Release|Any CPU.Build.0 = Release|Any CPU
		{B3A72453-EC6C-48D5-9A13-C5414F6902AB}.Release|ARM.ActiveCfg = Release|Any CPU
		{B3A72453-EC6C-48D5-9A13-C5414F6902AB}.Release|ARM.Build.0 = Release|Any CPU
		{B3A72453-EC6C-48D5-9A13-C5414F6902AB}.Release|iPhone.ActiveCfg = Release|Any CPU
		{B3A72453-EC6C-48D5-9A13-C5414F6902AB}.Release|iPhone.Build.0 = Release|Any CPU
		{B3A72453-EC6C-48D5-9A13-C5414F6902AB}.Release|iPhoneSimulator.ActiveCfg = Release|Any CPU
		{B3A72453-EC6C-48D5-9A13-C5414F6902AB}.Release|iPhoneSimulator.Build.0 = Release|Any CPU
		{B3A72453-EC6C-48D5-9A13-C5414F6902AB}.Release|x64.ActiveCfg = Release|Any CPU
		{B3A72453-EC6C-48D5-9A13-C5414F6902AB}.Release|x64.Build.0 = Release|Any CPU
		{B3A72453-EC6C-48D5-9A13-C5414F6902AB}.Release|x86.ActiveCfg = Release|Any CPU
		{B3A72453-EC6C-48D5-9A13-C5414F6902AB}.Release|x86.Build.0 = Release|Any CPU
		{E7F59160-EF30-4EFE-846D-753CE4D4A954}.Debug|Any CPU.ActiveCfg = Debug|Any CPU
		{E7F59160-EF30-4EFE-846D-753CE4D4A954}.Debug|Any CPU.Build.0 = Debug|Any CPU
		{E7F59160-EF30-4EFE-846D-753CE4D4A954}.Debug|ARM.ActiveCfg = Debug|Any CPU
		{E7F59160-EF30-4EFE-846D-753CE4D4A954}.Debug|ARM.Build.0 = Debug|Any CPU
		{E7F59160-EF30-4EFE-846D-753CE4D4A954}.Debug|iPhone.ActiveCfg = Debug|Any CPU
		{E7F59160-EF30-4EFE-846D-753CE4D4A954}.Debug|iPhone.Build.0 = Debug|Any CPU
		{E7F59160-EF30-4EFE-846D-753CE4D4A954}.Debug|iPhoneSimulator.ActiveCfg = Debug|Any CPU
		{E7F59160-EF30-4EFE-846D-753CE4D4A954}.Debug|iPhoneSimulator.Build.0 = Debug|Any CPU
		{E7F59160-EF30-4EFE-846D-753CE4D4A954}.Debug|x64.ActiveCfg = Debug|Any CPU
		{E7F59160-EF30-4EFE-846D-753CE4D4A954}.Debug|x64.Build.0 = Debug|Any CPU
		{E7F59160-EF30-4EFE-846D-753CE4D4A954}.Debug|x86.ActiveCfg = Debug|Any CPU
		{E7F59160-EF30-4EFE-846D-753CE4D4A954}.Debug|x86.Build.0 = Debug|Any CPU
		{E7F59160-EF30-4EFE-846D-753CE4D4A954}.Release|Any CPU.ActiveCfg = Release|Any CPU
		{E7F59160-EF30-4EFE-846D-753CE4D4A954}.Release|Any CPU.Build.0 = Release|Any CPU
		{E7F59160-EF30-4EFE-846D-753CE4D4A954}.Release|ARM.ActiveCfg = Release|Any CPU
		{E7F59160-EF30-4EFE-846D-753CE4D4A954}.Release|ARM.Build.0 = Release|Any CPU
		{E7F59160-EF30-4EFE-846D-753CE4D4A954}.Release|iPhone.ActiveCfg = Release|Any CPU
		{E7F59160-EF30-4EFE-846D-753CE4D4A954}.Release|iPhone.Build.0 = Release|Any CPU
		{E7F59160-EF30-4EFE-846D-753CE4D4A954}.Release|iPhoneSimulator.ActiveCfg = Release|Any CPU
		{E7F59160-EF30-4EFE-846D-753CE4D4A954}.Release|iPhoneSimulator.Build.0 = Release|Any CPU
		{E7F59160-EF30-4EFE-846D-753CE4D4A954}.Release|x64.ActiveCfg = Release|Any CPU
		{E7F59160-EF30-4EFE-846D-753CE4D4A954}.Release|x64.Build.0 = Release|Any CPU
		{E7F59160-EF30-4EFE-846D-753CE4D4A954}.Release|x86.ActiveCfg = Release|Any CPU
		{E7F59160-EF30-4EFE-846D-753CE4D4A954}.Release|x86.Build.0 = Release|Any CPU
		{AE8DAD4D-DC6E-4E7F-9CB0-2B6EBF439699}.Debug|Any CPU.ActiveCfg = Debug|Any CPU
		{AE8DAD4D-DC6E-4E7F-9CB0-2B6EBF439699}.Debug|Any CPU.Build.0 = Debug|Any CPU
		{AE8DAD4D-DC6E-4E7F-9CB0-2B6EBF439699}.Debug|Any CPU.Deploy.0 = Debug|Any CPU
		{AE8DAD4D-DC6E-4E7F-9CB0-2B6EBF439699}.Debug|ARM.ActiveCfg = Debug|Any CPU
		{AE8DAD4D-DC6E-4E7F-9CB0-2B6EBF439699}.Debug|ARM.Build.0 = Debug|Any CPU
		{AE8DAD4D-DC6E-4E7F-9CB0-2B6EBF439699}.Debug|ARM.Deploy.0 = Debug|Any CPU
		{AE8DAD4D-DC6E-4E7F-9CB0-2B6EBF439699}.Debug|iPhone.ActiveCfg = Debug|Any CPU
		{AE8DAD4D-DC6E-4E7F-9CB0-2B6EBF439699}.Debug|iPhone.Build.0 = Debug|Any CPU
		{AE8DAD4D-DC6E-4E7F-9CB0-2B6EBF439699}.Debug|iPhone.Deploy.0 = Debug|Any CPU
		{AE8DAD4D-DC6E-4E7F-9CB0-2B6EBF439699}.Debug|iPhoneSimulator.ActiveCfg = Debug|Any CPU
		{AE8DAD4D-DC6E-4E7F-9CB0-2B6EBF439699}.Debug|iPhoneSimulator.Build.0 = Debug|Any CPU
		{AE8DAD4D-DC6E-4E7F-9CB0-2B6EBF439699}.Debug|iPhoneSimulator.Deploy.0 = Debug|Any CPU
		{AE8DAD4D-DC6E-4E7F-9CB0-2B6EBF439699}.Debug|x64.ActiveCfg = Debug|Any CPU
		{AE8DAD4D-DC6E-4E7F-9CB0-2B6EBF439699}.Debug|x64.Build.0 = Debug|Any CPU
		{AE8DAD4D-DC6E-4E7F-9CB0-2B6EBF439699}.Debug|x64.Deploy.0 = Debug|Any CPU
		{AE8DAD4D-DC6E-4E7F-9CB0-2B6EBF439699}.Debug|x86.ActiveCfg = Debug|Any CPU
		{AE8DAD4D-DC6E-4E7F-9CB0-2B6EBF439699}.Debug|x86.Build.0 = Debug|Any CPU
		{AE8DAD4D-DC6E-4E7F-9CB0-2B6EBF439699}.Debug|x86.Deploy.0 = Debug|Any CPU
		{AE8DAD4D-DC6E-4E7F-9CB0-2B6EBF439699}.Release|Any CPU.ActiveCfg = Release|Any CPU
		{AE8DAD4D-DC6E-4E7F-9CB0-2B6EBF439699}.Release|Any CPU.Build.0 = Release|Any CPU
		{AE8DAD4D-DC6E-4E7F-9CB0-2B6EBF439699}.Release|Any CPU.Deploy.0 = Release|Any CPU
		{AE8DAD4D-DC6E-4E7F-9CB0-2B6EBF439699}.Release|ARM.ActiveCfg = Release|Any CPU
		{AE8DAD4D-DC6E-4E7F-9CB0-2B6EBF439699}.Release|ARM.Build.0 = Release|Any CPU
		{AE8DAD4D-DC6E-4E7F-9CB0-2B6EBF439699}.Release|ARM.Deploy.0 = Release|Any CPU
		{AE8DAD4D-DC6E-4E7F-9CB0-2B6EBF439699}.Release|iPhone.ActiveCfg = Release|Any CPU
		{AE8DAD4D-DC6E-4E7F-9CB0-2B6EBF439699}.Release|iPhone.Build.0 = Release|Any CPU
		{AE8DAD4D-DC6E-4E7F-9CB0-2B6EBF439699}.Release|iPhone.Deploy.0 = Release|Any CPU
		{AE8DAD4D-DC6E-4E7F-9CB0-2B6EBF439699}.Release|iPhoneSimulator.ActiveCfg = Release|Any CPU
		{AE8DAD4D-DC6E-4E7F-9CB0-2B6EBF439699}.Release|iPhoneSimulator.Build.0 = Release|Any CPU
		{AE8DAD4D-DC6E-4E7F-9CB0-2B6EBF439699}.Release|iPhoneSimulator.Deploy.0 = Release|Any CPU
		{AE8DAD4D-DC6E-4E7F-9CB0-2B6EBF439699}.Release|x64.ActiveCfg = Release|Any CPU
		{AE8DAD4D-DC6E-4E7F-9CB0-2B6EBF439699}.Release|x64.Build.0 = Release|Any CPU
		{AE8DAD4D-DC6E-4E7F-9CB0-2B6EBF439699}.Release|x64.Deploy.0 = Release|Any CPU
		{AE8DAD4D-DC6E-4E7F-9CB0-2B6EBF439699}.Release|x86.ActiveCfg = Release|Any CPU
		{AE8DAD4D-DC6E-4E7F-9CB0-2B6EBF439699}.Release|x86.Build.0 = Release|Any CPU
		{AE8DAD4D-DC6E-4E7F-9CB0-2B6EBF439699}.Release|x86.Deploy.0 = Release|Any CPU
		{48801D64-75CF-42FC-89E8-63D6E3B62440}.Debug|Any CPU.ActiveCfg = Debug|Any CPU
		{48801D64-75CF-42FC-89E8-63D6E3B62440}.Debug|Any CPU.Build.0 = Debug|Any CPU
		{48801D64-75CF-42FC-89E8-63D6E3B62440}.Debug|ARM.ActiveCfg = Debug|Any CPU
		{48801D64-75CF-42FC-89E8-63D6E3B62440}.Debug|ARM.Build.0 = Debug|Any CPU
		{48801D64-75CF-42FC-89E8-63D6E3B62440}.Debug|iPhone.ActiveCfg = Debug|Any CPU
		{48801D64-75CF-42FC-89E8-63D6E3B62440}.Debug|iPhone.Build.0 = Debug|Any CPU
		{48801D64-75CF-42FC-89E8-63D6E3B62440}.Debug|iPhoneSimulator.ActiveCfg = Debug|Any CPU
		{48801D64-75CF-42FC-89E8-63D6E3B62440}.Debug|iPhoneSimulator.Build.0 = Debug|Any CPU
		{48801D64-75CF-42FC-89E8-63D6E3B62440}.Debug|x64.ActiveCfg = Debug|Any CPU
		{48801D64-75CF-42FC-89E8-63D6E3B62440}.Debug|x64.Build.0 = Debug|Any CPU
		{48801D64-75CF-42FC-89E8-63D6E3B62440}.Debug|x86.ActiveCfg = Debug|Any CPU
		{48801D64-75CF-42FC-89E8-63D6E3B62440}.Debug|x86.Build.0 = Debug|Any CPU
		{48801D64-75CF-42FC-89E8-63D6E3B62440}.Release|Any CPU.ActiveCfg = Release|Any CPU
		{48801D64-75CF-42FC-89E8-63D6E3B62440}.Release|Any CPU.Build.0 = Release|Any CPU
		{48801D64-75CF-42FC-89E8-63D6E3B62440}.Release|ARM.ActiveCfg = Release|Any CPU
		{48801D64-75CF-42FC-89E8-63D6E3B62440}.Release|ARM.Build.0 = Release|Any CPU
		{48801D64-75CF-42FC-89E8-63D6E3B62440}.Release|iPhone.ActiveCfg = Release|Any CPU
		{48801D64-75CF-42FC-89E8-63D6E3B62440}.Release|iPhone.Build.0 = Release|Any CPU
		{48801D64-75CF-42FC-89E8-63D6E3B62440}.Release|iPhoneSimulator.ActiveCfg = Release|Any CPU
		{48801D64-75CF-42FC-89E8-63D6E3B62440}.Release|iPhoneSimulator.Build.0 = Release|Any CPU
		{48801D64-75CF-42FC-89E8-63D6E3B62440}.Release|x64.ActiveCfg = Release|Any CPU
		{48801D64-75CF-42FC-89E8-63D6E3B62440}.Release|x64.Build.0 = Release|Any CPU
		{48801D64-75CF-42FC-89E8-63D6E3B62440}.Release|x86.ActiveCfg = Release|Any CPU
		{48801D64-75CF-42FC-89E8-63D6E3B62440}.Release|x86.Build.0 = Release|Any CPU
		{977F72E7-20AA-4532-971F-710F8DE5B92C}.Debug|Any CPU.ActiveCfg = Debug|Any CPU
		{977F72E7-20AA-4532-971F-710F8DE5B92C}.Debug|Any CPU.Build.0 = Debug|Any CPU
		{977F72E7-20AA-4532-971F-710F8DE5B92C}.Debug|ARM.ActiveCfg = Debug|Any CPU
		{977F72E7-20AA-4532-971F-710F8DE5B92C}.Debug|ARM.Build.0 = Debug|Any CPU
		{977F72E7-20AA-4532-971F-710F8DE5B92C}.Debug|iPhone.ActiveCfg = Debug|Any CPU
		{977F72E7-20AA-4532-971F-710F8DE5B92C}.Debug|iPhone.Build.0 = Debug|Any CPU
		{977F72E7-20AA-4532-971F-710F8DE5B92C}.Debug|iPhoneSimulator.ActiveCfg = Debug|Any CPU
		{977F72E7-20AA-4532-971F-710F8DE5B92C}.Debug|iPhoneSimulator.Build.0 = Debug|Any CPU
		{977F72E7-20AA-4532-971F-710F8DE5B92C}.Debug|x64.ActiveCfg = Debug|Any CPU
		{977F72E7-20AA-4532-971F-710F8DE5B92C}.Debug|x64.Build.0 = Debug|Any CPU
		{977F72E7-20AA-4532-971F-710F8DE5B92C}.Debug|x86.ActiveCfg = Debug|Any CPU
		{977F72E7-20AA-4532-971F-710F8DE5B92C}.Debug|x86.Build.0 = Debug|Any CPU
		{977F72E7-20AA-4532-971F-710F8DE5B92C}.Release|Any CPU.ActiveCfg = Release|Any CPU
		{977F72E7-20AA-4532-971F-710F8DE5B92C}.Release|Any CPU.Build.0 = Release|Any CPU
		{977F72E7-20AA-4532-971F-710F8DE5B92C}.Release|ARM.ActiveCfg = Release|Any CPU
		{977F72E7-20AA-4532-971F-710F8DE5B92C}.Release|ARM.Build.0 = Release|Any CPU
		{977F72E7-20AA-4532-971F-710F8DE5B92C}.Release|iPhone.ActiveCfg = Release|Any CPU
		{977F72E7-20AA-4532-971F-710F8DE5B92C}.Release|iPhone.Build.0 = Release|Any CPU
		{977F72E7-20AA-4532-971F-710F8DE5B92C}.Release|iPhoneSimulator.ActiveCfg = Release|Any CPU
		{977F72E7-20AA-4532-971F-710F8DE5B92C}.Release|iPhoneSimulator.Build.0 = Release|Any CPU
		{977F72E7-20AA-4532-971F-710F8DE5B92C}.Release|x64.ActiveCfg = Release|Any CPU
		{977F72E7-20AA-4532-971F-710F8DE5B92C}.Release|x64.Build.0 = Release|Any CPU
		{977F72E7-20AA-4532-971F-710F8DE5B92C}.Release|x86.ActiveCfg = Release|Any CPU
		{977F72E7-20AA-4532-971F-710F8DE5B92C}.Release|x86.Build.0 = Release|Any CPU
		{A26B9456-E10C-40AC-92DF-4ADC6FDB6DA0}.Debug|Any CPU.ActiveCfg = Debug|Any CPU
		{A26B9456-E10C-40AC-92DF-4ADC6FDB6DA0}.Debug|Any CPU.Build.0 = Debug|Any CPU
		{A26B9456-E10C-40AC-92DF-4ADC6FDB6DA0}.Debug|ARM.ActiveCfg = Debug|Any CPU
		{A26B9456-E10C-40AC-92DF-4ADC6FDB6DA0}.Debug|ARM.Build.0 = Debug|Any CPU
		{A26B9456-E10C-40AC-92DF-4ADC6FDB6DA0}.Debug|iPhone.ActiveCfg = Debug|Any CPU
		{A26B9456-E10C-40AC-92DF-4ADC6FDB6DA0}.Debug|iPhone.Build.0 = Debug|Any CPU
		{A26B9456-E10C-40AC-92DF-4ADC6FDB6DA0}.Debug|iPhoneSimulator.ActiveCfg = Debug|Any CPU
		{A26B9456-E10C-40AC-92DF-4ADC6FDB6DA0}.Debug|iPhoneSimulator.Build.0 = Debug|Any CPU
		{A26B9456-E10C-40AC-92DF-4ADC6FDB6DA0}.Debug|x64.ActiveCfg = Debug|Any CPU
		{A26B9456-E10C-40AC-92DF-4ADC6FDB6DA0}.Debug|x64.Build.0 = Debug|Any CPU
		{A26B9456-E10C-40AC-92DF-4ADC6FDB6DA0}.Debug|x86.ActiveCfg = Debug|Any CPU
		{A26B9456-E10C-40AC-92DF-4ADC6FDB6DA0}.Debug|x86.Build.0 = Debug|Any CPU
		{A26B9456-E10C-40AC-92DF-4ADC6FDB6DA0}.Release|Any CPU.ActiveCfg = Release|Any CPU
		{A26B9456-E10C-40AC-92DF-4ADC6FDB6DA0}.Release|Any CPU.Build.0 = Release|Any CPU
		{A26B9456-E10C-40AC-92DF-4ADC6FDB6DA0}.Release|ARM.ActiveCfg = Release|Any CPU
		{A26B9456-E10C-40AC-92DF-4ADC6FDB6DA0}.Release|ARM.Build.0 = Release|Any CPU
		{A26B9456-E10C-40AC-92DF-4ADC6FDB6DA0}.Release|iPhone.ActiveCfg = Release|Any CPU
		{A26B9456-E10C-40AC-92DF-4ADC6FDB6DA0}.Release|iPhone.Build.0 = Release|Any CPU
		{A26B9456-E10C-40AC-92DF-4ADC6FDB6DA0}.Release|iPhoneSimulator.ActiveCfg = Release|Any CPU
		{A26B9456-E10C-40AC-92DF-4ADC6FDB6DA0}.Release|iPhoneSimulator.Build.0 = Release|Any CPU
		{A26B9456-E10C-40AC-92DF-4ADC6FDB6DA0}.Release|x64.ActiveCfg = Release|Any CPU
		{A26B9456-E10C-40AC-92DF-4ADC6FDB6DA0}.Release|x64.Build.0 = Release|Any CPU
		{A26B9456-E10C-40AC-92DF-4ADC6FDB6DA0}.Release|x86.ActiveCfg = Release|Any CPU
		{A26B9456-E10C-40AC-92DF-4ADC6FDB6DA0}.Release|x86.Build.0 = Release|Any CPU
		{DC042C3F-080D-49AA-8AC6-4F397CE79EA4}.Debug|Any CPU.ActiveCfg = Debug|Any CPU
		{DC042C3F-080D-49AA-8AC6-4F397CE79EA4}.Debug|Any CPU.Build.0 = Debug|Any CPU
		{DC042C3F-080D-49AA-8AC6-4F397CE79EA4}.Debug|ARM.ActiveCfg = Debug|Any CPU
		{DC042C3F-080D-49AA-8AC6-4F397CE79EA4}.Debug|ARM.Build.0 = Debug|Any CPU
		{DC042C3F-080D-49AA-8AC6-4F397CE79EA4}.Debug|iPhone.ActiveCfg = Debug|Any CPU
		{DC042C3F-080D-49AA-8AC6-4F397CE79EA4}.Debug|iPhone.Build.0 = Debug|Any CPU
		{DC042C3F-080D-49AA-8AC6-4F397CE79EA4}.Debug|iPhoneSimulator.ActiveCfg = Debug|Any CPU
		{DC042C3F-080D-49AA-8AC6-4F397CE79EA4}.Debug|iPhoneSimulator.Build.0 = Debug|Any CPU
		{DC042C3F-080D-49AA-8AC6-4F397CE79EA4}.Debug|x64.ActiveCfg = Debug|Any CPU
		{DC042C3F-080D-49AA-8AC6-4F397CE79EA4}.Debug|x64.Build.0 = Debug|Any CPU
		{DC042C3F-080D-49AA-8AC6-4F397CE79EA4}.Debug|x86.ActiveCfg = Debug|Any CPU
		{DC042C3F-080D-49AA-8AC6-4F397CE79EA4}.Debug|x86.Build.0 = Debug|Any CPU
		{DC042C3F-080D-49AA-8AC6-4F397CE79EA4}.Release|Any CPU.ActiveCfg = Release|Any CPU
		{DC042C3F-080D-49AA-8AC6-4F397CE79EA4}.Release|Any CPU.Build.0 = Release|Any CPU
		{DC042C3F-080D-49AA-8AC6-4F397CE79EA4}.Release|ARM.ActiveCfg = Release|Any CPU
		{DC042C3F-080D-49AA-8AC6-4F397CE79EA4}.Release|ARM.Build.0 = Release|Any CPU
		{DC042C3F-080D-49AA-8AC6-4F397CE79EA4}.Release|iPhone.ActiveCfg = Release|Any CPU
		{DC042C3F-080D-49AA-8AC6-4F397CE79EA4}.Release|iPhone.Build.0 = Release|Any CPU
		{DC042C3F-080D-49AA-8AC6-4F397CE79EA4}.Release|iPhoneSimulator.ActiveCfg = Release|Any CPU
		{DC042C3F-080D-49AA-8AC6-4F397CE79EA4}.Release|iPhoneSimulator.Build.0 = Release|Any CPU
		{DC042C3F-080D-49AA-8AC6-4F397CE79EA4}.Release|x64.ActiveCfg = Release|Any CPU
		{DC042C3F-080D-49AA-8AC6-4F397CE79EA4}.Release|x64.Build.0 = Release|Any CPU
		{DC042C3F-080D-49AA-8AC6-4F397CE79EA4}.Release|x86.ActiveCfg = Release|Any CPU
		{DC042C3F-080D-49AA-8AC6-4F397CE79EA4}.Release|x86.Build.0 = Release|Any CPU
		{1F70B8F7-2A88-4CC6-AD06-73F513CEA2A2}.Debug|Any CPU.ActiveCfg = Debug|x86
		{1F70B8F7-2A88-4CC6-AD06-73F513CEA2A2}.Debug|ARM.ActiveCfg = Debug|ARM
		{1F70B8F7-2A88-4CC6-AD06-73F513CEA2A2}.Debug|ARM.Build.0 = Debug|ARM
		{1F70B8F7-2A88-4CC6-AD06-73F513CEA2A2}.Debug|ARM.Deploy.0 = Debug|ARM
		{1F70B8F7-2A88-4CC6-AD06-73F513CEA2A2}.Debug|iPhone.ActiveCfg = Debug|x86
		{1F70B8F7-2A88-4CC6-AD06-73F513CEA2A2}.Debug|iPhoneSimulator.ActiveCfg = Debug|x86
		{1F70B8F7-2A88-4CC6-AD06-73F513CEA2A2}.Debug|x64.ActiveCfg = Debug|x64
		{1F70B8F7-2A88-4CC6-AD06-73F513CEA2A2}.Debug|x64.Build.0 = Debug|x64
		{1F70B8F7-2A88-4CC6-AD06-73F513CEA2A2}.Debug|x64.Deploy.0 = Debug|x64
		{1F70B8F7-2A88-4CC6-AD06-73F513CEA2A2}.Debug|x86.ActiveCfg = Debug|x86
		{1F70B8F7-2A88-4CC6-AD06-73F513CEA2A2}.Debug|x86.Build.0 = Debug|x86
		{1F70B8F7-2A88-4CC6-AD06-73F513CEA2A2}.Debug|x86.Deploy.0 = Debug|x86
		{1F70B8F7-2A88-4CC6-AD06-73F513CEA2A2}.Release|Any CPU.ActiveCfg = Release|x86
		{1F70B8F7-2A88-4CC6-AD06-73F513CEA2A2}.Release|ARM.ActiveCfg = Release|ARM
		{1F70B8F7-2A88-4CC6-AD06-73F513CEA2A2}.Release|ARM.Build.0 = Release|ARM
		{1F70B8F7-2A88-4CC6-AD06-73F513CEA2A2}.Release|ARM.Deploy.0 = Release|ARM
		{1F70B8F7-2A88-4CC6-AD06-73F513CEA2A2}.Release|iPhone.ActiveCfg = Release|x86
		{1F70B8F7-2A88-4CC6-AD06-73F513CEA2A2}.Release|iPhoneSimulator.ActiveCfg = Release|x86
		{1F70B8F7-2A88-4CC6-AD06-73F513CEA2A2}.Release|x64.ActiveCfg = Release|x64
		{1F70B8F7-2A88-4CC6-AD06-73F513CEA2A2}.Release|x64.Build.0 = Release|x64
		{1F70B8F7-2A88-4CC6-AD06-73F513CEA2A2}.Release|x64.Deploy.0 = Release|x64
		{1F70B8F7-2A88-4CC6-AD06-73F513CEA2A2}.Release|x86.ActiveCfg = Release|x86
		{1F70B8F7-2A88-4CC6-AD06-73F513CEA2A2}.Release|x86.Build.0 = Release|x86
		{1F70B8F7-2A88-4CC6-AD06-73F513CEA2A2}.Release|x86.Deploy.0 = Release|x86
	EndGlobalSection
	GlobalSection(SolutionProperties) = preSolution
		HideSolutionNode = FALSE
	EndGlobalSection
	GlobalSection(NestedProjects) = preSolution
		{5F2FB185-4442-4C91-8BA1-E569A1A3E308} = {A2C22E8A-C757-4652-864B-3760E1E0FE23}
		{B3A72453-EC6C-48D5-9A13-C5414F6902AB} = {5F2FB185-4442-4C91-8BA1-E569A1A3E308}
		{E7F59160-EF30-4EFE-846D-753CE4D4A954} = {133C21FE-310E-49F0-8CC2-C2666CCEEFEF}
		{AE8DAD4D-DC6E-4E7F-9CB0-2B6EBF439699} = {133C21FE-310E-49F0-8CC2-C2666CCEEFEF}
		{48801D64-75CF-42FC-89E8-63D6E3B62440} = {5F2FB185-4442-4C91-8BA1-E569A1A3E308}
		{977F72E7-20AA-4532-971F-710F8DE5B92C} = {5F2FB185-4442-4C91-8BA1-E569A1A3E308}
		{A26B9456-E10C-40AC-92DF-4ADC6FDB6DA0} = {5F2FB185-4442-4C91-8BA1-E569A1A3E308}
		{DC042C3F-080D-49AA-8AC6-4F397CE79EA4} = {5F2FB185-4442-4C91-8BA1-E569A1A3E308}
		{1F70B8F7-2A88-4CC6-AD06-73F513CEA2A2} = {133C21FE-310E-49F0-8CC2-C2666CCEEFEF}
	EndGlobalSection
	GlobalSection(ExtensibilityGlobals) = postSolution
		SolutionGuid = {31C04DA9-8654-42C1-B8E0-705F624D42D8}
	EndGlobalSection
EndGlobal
