
Microsoft Visual Studio Solution File, Format Version 12.00
# Visual Studio Version 16
VisualStudioVersion = 16.0.28917.182
MinimumVisualStudioVersion = 10.0.40219.1
Project("{2150E333-8FDC-42A3-9474-1A3956D46DE8}") = "Clients", "Clients", "{133C21FE-310E-49F0-8CC2-C2666CCEEFEF}"
EndProject
Project("{2150E333-8FDC-42A3-9474-1A3956D46DE8}") = "Services", "Services", "{A2C22E8A-C757-4652-864B-3760E1E0FE23}"
EndProject
Project("{2150E333-8FDC-42A3-9474-1A3956D46DE8}") = "Chat", "Chat", "{5F2FB185-4442-4C91-8BA1-E569A1A3E308}"
EndProject
Project("{9A19103F-16F7-4668-BE54-9A1E7A4F7556}") = "Web.Api", "src\Services\Chat\LibraProgramming.Services.Chat.Api\Web.Api.csproj", "{B3A72453-EC6C-48D5-9A13-C5414F6902AB}"
EndProject
Project("{9A19103F-16F7-4668-BE54-9A1E7A4F7556}") = "Chat.Domain", "src\Services\Chat\LibraProgramming.Services.Chat.Domain\Chat.Domain.csproj", "{48801D64-75CF-42FC-89E8-63D6E3B62440}"
EndProject
Project("{9A19103F-16F7-4668-BE54-9A1E7A4F7556}") = "Chat.Contracts", "src\Services\Chat\LibraProgramming.Services.Chat.Contracts\Chat.Contracts.csproj", "{977F72E7-20AA-4532-971F-710F8DE5B92C}"
EndProject
Project("{9A19103F-16F7-4668-BE54-9A1E7A4F7556}") = "Chat.Grains", "src\Services\Chat\LibraProgramming.Services.Chat.Grains\Chat.Grains.csproj", "{A26B9456-E10C-40AC-92DF-4ADC6FDB6DA0}"
EndProject
Project("{9A19103F-16F7-4668-BE54-9A1E7A4F7556}") = "Chat.Silo", "src\Services\Chat\LibraProgramming.Services.Chat.Silo\Chat.Silo.csproj", "{DC042C3F-080D-49AA-8AC6-4F397CE79EA4}"
EndProject
Project("{2150E333-8FDC-42A3-9474-1A3956D46DE8}") = "Common", "Common", "{AC343DC1-09CB-4577-928A-7B2B606289D7}"
EndProject
Project("{9A19103F-16F7-4668-BE54-9A1E7A4F7556}") = "ChatRoom.Client", "src\Clients\LibraProgramming.ChatRoom.Client\ChatRoom.Client.csproj", "{CC1E60AA-FE06-4F1F-A1AD-63FD9A66F1C3}"
EndProject
Project("{FAE04EC0-301F-11D3-BF4B-00C04F79EFBC}") = "ChatRoom.Client.Android", "src\Clients\LibraProgramming.ChatRoom.Client.Android\ChatRoom.Client.Android.csproj", "{33577E1C-6C23-40DF-BF55-161B5E02630C}"
EndProject
Project("{FAE04EC0-301F-11D3-BF4B-00C04F79EFBC}") = "ChatRoom.Client.UWP", "src\Clients\LibraProgramming.ChatRoom.Client.UWP\ChatRoom.Client.UWP.csproj", "{FCCB20B8-D417-4CF1-9404-9D6FE4D85AC8}"
EndProject
Project("{9A19103F-16F7-4668-BE54-9A1E7A4F7556}") = "LibraProgramming.ChatRoom.Domain", "src\Common\LibraProgramming.ChatRoom.Domain\LibraProgramming.ChatRoom.Domain.csproj", "{316637F6-EF10-48D1-A7C0-86C67A45C37B}"
EndProject
Project("{FAE04EC0-301F-11D3-BF4B-00C04F79EFBC}") = "Chat.Persistence", "src\Services\Chat\LibraProgramming.Services.Chat.Persistence\Chat.Persistence.csproj", "{DE546EB7-60B5-4D87-9226-E5C1AB822F93}"
EndProject
Project("{2150E333-8FDC-42A3-9474-1A3956D46DE8}") = "Solution Items", "Solution Items", "{7DDD03A6-9BC6-4E0A-9F80-F265E5C77DAD}"
	ProjectSection(SolutionItems) = preProject
		azure-pipelines.yml = azure-pipelines.yml
		README.md = README.md
	EndProjectSection
EndProject
Global
	GlobalSection(SolutionConfigurationPlatforms) = preSolution
		Debug|Any CPU = Debug|Any CPU
		Debug|ARM = Debug|ARM
		Debug|iPhone = Debug|iPhone
		Debug|iPhoneSimulator = Debug|iPhoneSimulator
		Debug|x64 = Debug|x64
		Debug|x86 = Debug|x86
		Release|Any CPU = Release|Any CPU
		Release|ARM = Release|ARM
		Release|iPhone = Release|iPhone
		Release|iPhoneSimulator = Release|iPhoneSimulator
		Release|x64 = Release|x64
		Release|x86 = Release|x86
	EndGlobalSection
	GlobalSection(ProjectConfigurationPlatforms) = postSolution
		{B3A72453-EC6C-48D5-9A13-C5414F6902AB}.Debug|Any CPU.ActiveCfg = Debug|Any CPU
		{B3A72453-EC6C-48D5-9A13-C5414F6902AB}.Debug|Any CPU.Build.0 = Debug|Any CPU
		{B3A72453-EC6C-48D5-9A13-C5414F6902AB}.Debug|ARM.ActiveCfg = Debug|Any CPU
		{B3A72453-EC6C-48D5-9A13-C5414F6902AB}.Debug|ARM.Build.0 = Debug|Any CPU
		{B3A72453-EC6C-48D5-9A13-C5414F6902AB}.Debug|iPhone.ActiveCfg = Debug|Any CPU
		{B3A72453-EC6C-48D5-9A13-C5414F6902AB}.Debug|iPhone.Build.0 = Debug|Any CPU
		{B3A72453-EC6C-48D5-9A13-C5414F6902AB}.Debug|iPhoneSimulator.ActiveCfg = Debug|Any CPU
		{B3A72453-EC6C-48D5-9A13-C5414F6902AB}.Debug|iPhoneSimulator.Build.0 = Debug|Any CPU
		{B3A72453-EC6C-48D5-9A13-C5414F6902AB}.Debug|x64.ActiveCfg = Debug|Any CPU
		{B3A72453-EC6C-48D5-9A13-C5414F6902AB}.Debug|x64.Build.0 = Debug|Any CPU
		{B3A72453-EC6C-48D5-9A13-C5414F6902AB}.Debug|x86.ActiveCfg = Debug|Any CPU
		{B3A72453-EC6C-48D5-9A13-C5414F6902AB}.Debug|x86.Build.0 = Debug|Any CPU
		{B3A72453-EC6C-48D5-9A13-C5414F6902AB}.Release|Any CPU.ActiveCfg = Release|Any CPU
		{B3A72453-EC6C-48D5-9A13-C5414F6902AB}.Release|Any CPU.Build.0 = Release|Any CPU
		{B3A72453-EC6C-48D5-9A13-C5414F6902AB}.Release|ARM.ActiveCfg = Release|Any CPU
		{B3A72453-EC6C-48D5-9A13-C5414F6902AB}.Release|ARM.Build.0 = Release|Any CPU
		{B3A72453-EC6C-48D5-9A13-C5414F6902AB}.Release|iPhone.ActiveCfg = Release|Any CPU
		{B3A72453-EC6C-48D5-9A13-C5414F6902AB}.Release|iPhone.Build.0 = Release|Any CPU
		{B3A72453-EC6C-48D5-9A13-C5414F6902AB}.Release|iPhoneSimulator.ActiveCfg = Release|Any CPU
		{B3A72453-EC6C-48D5-9A13-C5414F6902AB}.Release|iPhoneSimulator.Build.0 = Release|Any CPU
		{B3A72453-EC6C-48D5-9A13-C5414F6902AB}.Release|x64.ActiveCfg = Release|Any CPU
		{B3A72453-EC6C-48D5-9A13-C5414F6902AB}.Release|x64.Build.0 = Release|Any CPU
		{B3A72453-EC6C-48D5-9A13-C5414F6902AB}.Release|x86.ActiveCfg = Release|Any CPU
		{B3A72453-EC6C-48D5-9A13-C5414F6902AB}.Release|x86.Build.0 = Release|Any CPU
		{48801D64-75CF-42FC-89E8-63D6E3B62440}.Debug|Any CPU.ActiveCfg = Debug|Any CPU
		{48801D64-75CF-42FC-89E8-63D6E3B62440}.Debug|Any CPU.Build.0 = Debug|Any CPU
		{48801D64-75CF-42FC-89E8-63D6E3B62440}.Debug|ARM.ActiveCfg = Debug|Any CPU
		{48801D64-75CF-42FC-89E8-63D6E3B62440}.Debug|ARM.Build.0 = Debug|Any CPU
		{48801D64-75CF-42FC-89E8-63D6E3B62440}.Debug|iPhone.ActiveCfg = Debug|Any CPU
		{48801D64-75CF-42FC-89E8-63D6E3B62440}.Debug|iPhone.Build.0 = Debug|Any CPU
		{48801D64-75CF-42FC-89E8-63D6E3B62440}.Debug|iPhoneSimulator.ActiveCfg = Debug|Any CPU
		{48801D64-75CF-42FC-89E8-63D6E3B62440}.Debug|iPhoneSimulator.Build.0 = Debug|Any CPU
		{48801D64-75CF-42FC-89E8-63D6E3B62440}.Debug|x64.ActiveCfg = Debug|Any CPU
		{48801D64-75CF-42FC-89E8-63D6E3B62440}.Debug|x64.Build.0 = Debug|Any CPU
		{48801D64-75CF-42FC-89E8-63D6E3B62440}.Debug|x86.ActiveCfg = Debug|Any CPU
		{48801D64-75CF-42FC-89E8-63D6E3B62440}.Debug|x86.Build.0 = Debug|Any CPU
		{48801D64-75CF-42FC-89E8-63D6E3B62440}.Release|Any CPU.ActiveCfg = Release|Any CPU
		{48801D64-75CF-42FC-89E8-63D6E3B62440}.Release|Any CPU.Build.0 = Release|Any CPU
		{48801D64-75CF-42FC-89E8-63D6E3B62440}.Release|ARM.ActiveCfg = Release|Any CPU
		{48801D64-75CF-42FC-89E8-63D6E3B62440}.Release|ARM.Build.0 = Release|Any CPU
		{48801D64-75CF-42FC-89E8-63D6E3B62440}.Release|iPhone.ActiveCfg = Release|Any CPU
		{48801D64-75CF-42FC-89E8-63D6E3B62440}.Release|iPhone.Build.0 = Release|Any CPU
		{48801D64-75CF-42FC-89E8-63D6E3B62440}.Release|iPhoneSimulator.ActiveCfg = Release|Any CPU
		{48801D64-75CF-42FC-89E8-63D6E3B62440}.Release|iPhoneSimulator.Build.0 = Release|Any CPU
		{48801D64-75CF-42FC-89E8-63D6E3B62440}.Release|x64.ActiveCfg = Release|Any CPU
		{48801D64-75CF-42FC-89E8-63D6E3B62440}.Release|x64.Build.0 = Release|Any CPU
		{48801D64-75CF-42FC-89E8-63D6E3B62440}.Release|x86.ActiveCfg = Release|Any CPU
		{48801D64-75CF-42FC-89E8-63D6E3B62440}.Release|x86.Build.0 = Release|Any CPU
		{977F72E7-20AA-4532-971F-710F8DE5B92C}.Debug|Any CPU.ActiveCfg = Debug|Any CPU
		{977F72E7-20AA-4532-971F-710F8DE5B92C}.Debug|Any CPU.Build.0 = Debug|Any CPU
		{977F72E7-20AA-4532-971F-710F8DE5B92C}.Debug|ARM.ActiveCfg = Debug|Any CPU
		{977F72E7-20AA-4532-971F-710F8DE5B92C}.Debug|ARM.Build.0 = Debug|Any CPU
		{977F72E7-20AA-4532-971F-710F8DE5B92C}.Debug|iPhone.ActiveCfg = Debug|Any CPU
		{977F72E7-20AA-4532-971F-710F8DE5B92C}.Debug|iPhone.Build.0 = Debug|Any CPU
		{977F72E7-20AA-4532-971F-710F8DE5B92C}.Debug|iPhoneSimulator.ActiveCfg = Debug|Any CPU
		{977F72E7-20AA-4532-971F-710F8DE5B92C}.Debug|iPhoneSimulator.Build.0 = Debug|Any CPU
		{977F72E7-20AA-4532-971F-710F8DE5B92C}.Debug|x64.ActiveCfg = Debug|Any CPU
		{977F72E7-20AA-4532-971F-710F8DE5B92C}.Debug|x64.Build.0 = Debug|Any CPU
		{977F72E7-20AA-4532-971F-710F8DE5B92C}.Debug|x86.ActiveCfg = Debug|Any CPU
		{977F72E7-20AA-4532-971F-710F8DE5B92C}.Debug|x86.Build.0 = Debug|Any CPU
		{977F72E7-20AA-4532-971F-710F8DE5B92C}.Release|Any CPU.ActiveCfg = Release|Any CPU
		{977F72E7-20AA-4532-971F-710F8DE5B92C}.Release|Any CPU.Build.0 = Release|Any CPU
		{977F72E7-20AA-4532-971F-710F8DE5B92C}.Release|ARM.ActiveCfg = Release|Any CPU
		{977F72E7-20AA-4532-971F-710F8DE5B92C}.Release|ARM.Build.0 = Release|Any CPU
		{977F72E7-20AA-4532-971F-710F8DE5B92C}.Release|iPhone.ActiveCfg = Release|Any CPU
		{977F72E7-20AA-4532-971F-710F8DE5B92C}.Release|iPhone.Build.0 = Release|Any CPU
		{977F72E7-20AA-4532-971F-710F8DE5B92C}.Release|iPhoneSimulator.ActiveCfg = Release|Any CPU
		{977F72E7-20AA-4532-971F-710F8DE5B92C}.Release|iPhoneSimulator.Build.0 = Release|Any CPU
		{977F72E7-20AA-4532-971F-710F8DE5B92C}.Release|x64.ActiveCfg = Release|Any CPU
		{977F72E7-20AA-4532-971F-710F8DE5B92C}.Release|x64.Build.0 = Release|Any CPU
		{977F72E7-20AA-4532-971F-710F8DE5B92C}.Release|x86.ActiveCfg = Release|Any CPU
		{977F72E7-20AA-4532-971F-710F8DE5B92C}.Release|x86.Build.0 = Release|Any CPU
		{A26B9456-E10C-40AC-92DF-4ADC6FDB6DA0}.Debug|Any CPU.ActiveCfg = Debug|Any CPU
		{A26B9456-E10C-40AC-92DF-4ADC6FDB6DA0}.Debug|Any CPU.Build.0 = Debug|Any CPU
		{A26B9456-E10C-40AC-92DF-4ADC6FDB6DA0}.Debug|ARM.ActiveCfg = Debug|Any CPU
		{A26B9456-E10C-40AC-92DF-4ADC6FDB6DA0}.Debug|ARM.Build.0 = Debug|Any CPU
		{A26B9456-E10C-40AC-92DF-4ADC6FDB6DA0}.Debug|iPhone.ActiveCfg = Debug|Any CPU
		{A26B9456-E10C-40AC-92DF-4ADC6FDB6DA0}.Debug|iPhone.Build.0 = Debug|Any CPU
		{A26B9456-E10C-40AC-92DF-4ADC6FDB6DA0}.Debug|iPhoneSimulator.ActiveCfg = Debug|Any CPU
		{A26B9456-E10C-40AC-92DF-4ADC6FDB6DA0}.Debug|iPhoneSimulator.Build.0 = Debug|Any CPU
		{A26B9456-E10C-40AC-92DF-4ADC6FDB6DA0}.Debug|x64.ActiveCfg = Debug|Any CPU
		{A26B9456-E10C-40AC-92DF-4ADC6FDB6DA0}.Debug|x64.Build.0 = Debug|Any CPU
		{A26B9456-E10C-40AC-92DF-4ADC6FDB6DA0}.Debug|x86.ActiveCfg = Debug|Any CPU
		{A26B9456-E10C-40AC-92DF-4ADC6FDB6DA0}.Debug|x86.Build.0 = Debug|Any CPU
		{A26B9456-E10C-40AC-92DF-4ADC6FDB6DA0}.Release|Any CPU.ActiveCfg = Release|Any CPU
		{A26B9456-E10C-40AC-92DF-4ADC6FDB6DA0}.Release|Any CPU.Build.0 = Release|Any CPU
		{A26B9456-E10C-40AC-92DF-4ADC6FDB6DA0}.Release|ARM.ActiveCfg = Release|Any CPU
		{A26B9456-E10C-40AC-92DF-4ADC6FDB6DA0}.Release|ARM.Build.0 = Release|Any CPU
		{A26B9456-E10C-40AC-92DF-4ADC6FDB6DA0}.Release|iPhone.ActiveCfg = Release|Any CPU
		{A26B9456-E10C-40AC-92DF-4ADC6FDB6DA0}.Release|iPhone.Build.0 = Release|Any CPU
		{A26B9456-E10C-40AC-92DF-4ADC6FDB6DA0}.Release|iPhoneSimulator.ActiveCfg = Release|Any CPU
		{A26B9456-E10C-40AC-92DF-4ADC6FDB6DA0}.Release|iPhoneSimulator.Build.0 = Release|Any CPU
		{A26B9456-E10C-40AC-92DF-4ADC6FDB6DA0}.Release|x64.ActiveCfg = Release|Any CPU
		{A26B9456-E10C-40AC-92DF-4ADC6FDB6DA0}.Release|x64.Build.0 = Release|Any CPU
		{A26B9456-E10C-40AC-92DF-4ADC6FDB6DA0}.Release|x86.ActiveCfg = Release|Any CPU
		{A26B9456-E10C-40AC-92DF-4ADC6FDB6DA0}.Release|x86.Build.0 = Release|Any CPU
		{DC042C3F-080D-49AA-8AC6-4F397CE79EA4}.Debug|Any CPU.ActiveCfg = Debug|Any CPU
		{DC042C3F-080D-49AA-8AC6-4F397CE79EA4}.Debug|Any CPU.Build.0 = Debug|Any CPU
		{DC042C3F-080D-49AA-8AC6-4F397CE79EA4}.Debug|ARM.ActiveCfg = Debug|Any CPU
		{DC042C3F-080D-49AA-8AC6-4F397CE79EA4}.Debug|ARM.Build.0 = Debug|Any CPU
		{DC042C3F-080D-49AA-8AC6-4F397CE79EA4}.Debug|iPhone.ActiveCfg = Debug|Any CPU
		{DC042C3F-080D-49AA-8AC6-4F397CE79EA4}.Debug|iPhone.Build.0 = Debug|Any CPU
		{DC042C3F-080D-49AA-8AC6-4F397CE79EA4}.Debug|iPhoneSimulator.ActiveCfg = Debug|Any CPU
		{DC042C3F-080D-49AA-8AC6-4F397CE79EA4}.Debug|iPhoneSimulator.Build.0 = Debug|Any CPU
		{DC042C3F-080D-49AA-8AC6-4F397CE79EA4}.Debug|x64.ActiveCfg = Debug|Any CPU
		{DC042C3F-080D-49AA-8AC6-4F397CE79EA4}.Debug|x64.Build.0 = Debug|Any CPU
		{DC042C3F-080D-49AA-8AC6-4F397CE79EA4}.Debug|x86.ActiveCfg = Debug|Any CPU
		{DC042C3F-080D-49AA-8AC6-4F397CE79EA4}.Debug|x86.Build.0 = Debug|Any CPU
		{DC042C3F-080D-49AA-8AC6-4F397CE79EA4}.Release|Any CPU.ActiveCfg = Release|Any CPU
		{DC042C3F-080D-49AA-8AC6-4F397CE79EA4}.Release|Any CPU.Build.0 = Release|Any CPU
		{DC042C3F-080D-49AA-8AC6-4F397CE79EA4}.Release|ARM.ActiveCfg = Release|Any CPU
		{DC042C3F-080D-49AA-8AC6-4F397CE79EA4}.Release|ARM.Build.0 = Release|Any CPU
		{DC042C3F-080D-49AA-8AC6-4F397CE79EA4}.Release|iPhone.ActiveCfg = Release|Any CPU
		{DC042C3F-080D-49AA-8AC6-4F397CE79EA4}.Release|iPhone.Build.0 = Release|Any CPU
		{DC042C3F-080D-49AA-8AC6-4F397CE79EA4}.Release|iPhoneSimulator.ActiveCfg = Release|Any CPU
		{DC042C3F-080D-49AA-8AC6-4F397CE79EA4}.Release|iPhoneSimulator.Build.0 = Release|Any CPU
		{DC042C3F-080D-49AA-8AC6-4F397CE79EA4}.Release|x64.ActiveCfg = Release|Any CPU
		{DC042C3F-080D-49AA-8AC6-4F397CE79EA4}.Release|x64.Build.0 = Release|Any CPU
		{DC042C3F-080D-49AA-8AC6-4F397CE79EA4}.Release|x86.ActiveCfg = Release|Any CPU
		{DC042C3F-080D-49AA-8AC6-4F397CE79EA4}.Release|x86.Build.0 = Release|Any CPU
		{CC1E60AA-FE06-4F1F-A1AD-63FD9A66F1C3}.Debug|Any CPU.ActiveCfg = Debug|Any CPU
		{CC1E60AA-FE06-4F1F-A1AD-63FD9A66F1C3}.Debug|Any CPU.Build.0 = Debug|Any CPU
		{CC1E60AA-FE06-4F1F-A1AD-63FD9A66F1C3}.Debug|ARM.ActiveCfg = Debug|Any CPU
		{CC1E60AA-FE06-4F1F-A1AD-63FD9A66F1C3}.Debug|ARM.Build.0 = Debug|Any CPU
		{CC1E60AA-FE06-4F1F-A1AD-63FD9A66F1C3}.Debug|iPhone.ActiveCfg = Debug|Any CPU
		{CC1E60AA-FE06-4F1F-A1AD-63FD9A66F1C3}.Debug|iPhone.Build.0 = Debug|Any CPU
		{CC1E60AA-FE06-4F1F-A1AD-63FD9A66F1C3}.Debug|iPhoneSimulator.ActiveCfg = Debug|Any CPU
		{CC1E60AA-FE06-4F1F-A1AD-63FD9A66F1C3}.Debug|iPhoneSimulator.Build.0 = Debug|Any CPU
		{CC1E60AA-FE06-4F1F-A1AD-63FD9A66F1C3}.Debug|x64.ActiveCfg = Debug|Any CPU
		{CC1E60AA-FE06-4F1F-A1AD-63FD9A66F1C3}.Debug|x64.Build.0 = Debug|Any CPU
		{CC1E60AA-FE06-4F1F-A1AD-63FD9A66F1C3}.Debug|x86.ActiveCfg = Debug|Any CPU
		{CC1E60AA-FE06-4F1F-A1AD-63FD9A66F1C3}.Debug|x86.Build.0 = Debug|Any CPU
		{CC1E60AA-FE06-4F1F-A1AD-63FD9A66F1C3}.Release|Any CPU.ActiveCfg = Release|Any CPU
		{CC1E60AA-FE06-4F1F-A1AD-63FD9A66F1C3}.Release|Any CPU.Build.0 = Release|Any CPU
		{CC1E60AA-FE06-4F1F-A1AD-63FD9A66F1C3}.Release|ARM.ActiveCfg = Release|Any CPU
		{CC1E60AA-FE06-4F1F-A1AD-63FD9A66F1C3}.Release|ARM.Build.0 = Release|Any CPU
		{CC1E60AA-FE06-4F1F-A1AD-63FD9A66F1C3}.Release|iPhone.ActiveCfg = Release|Any CPU
		{CC1E60AA-FE06-4F1F-A1AD-63FD9A66F1C3}.Release|iPhone.Build.0 = Release|Any CPU
		{CC1E60AA-FE06-4F1F-A1AD-63FD9A66F1C3}.Release|iPhoneSimulator.ActiveCfg = Release|Any CPU
		{CC1E60AA-FE06-4F1F-A1AD-63FD9A66F1C3}.Release|iPhoneSimulator.Build.0 = Release|Any CPU
		{CC1E60AA-FE06-4F1F-A1AD-63FD9A66F1C3}.Release|x64.ActiveCfg = Release|Any CPU
		{CC1E60AA-FE06-4F1F-A1AD-63FD9A66F1C3}.Release|x64.Build.0 = Release|Any CPU
		{CC1E60AA-FE06-4F1F-A1AD-63FD9A66F1C3}.Release|x86.ActiveCfg = Release|Any CPU
		{CC1E60AA-FE06-4F1F-A1AD-63FD9A66F1C3}.Release|x86.Build.0 = Release|Any CPU
		{33577E1C-6C23-40DF-BF55-161B5E02630C}.Debug|Any CPU.ActiveCfg = Debug|Any CPU
		{33577E1C-6C23-40DF-BF55-161B5E02630C}.Debug|Any CPU.Build.0 = Debug|Any CPU
		{33577E1C-6C23-40DF-BF55-161B5E02630C}.Debug|Any CPU.Deploy.0 = Debug|Any CPU
		{33577E1C-6C23-40DF-BF55-161B5E02630C}.Debug|ARM.ActiveCfg = Debug|Any CPU
		{33577E1C-6C23-40DF-BF55-161B5E02630C}.Debug|ARM.Build.0 = Debug|Any CPU
		{33577E1C-6C23-40DF-BF55-161B5E02630C}.Debug|ARM.Deploy.0 = Debug|Any CPU
		{33577E1C-6C23-40DF-BF55-161B5E02630C}.Debug|iPhone.ActiveCfg = Debug|Any CPU
		{33577E1C-6C23-40DF-BF55-161B5E02630C}.Debug|iPhone.Build.0 = Debug|Any CPU
		{33577E1C-6C23-40DF-BF55-161B5E02630C}.Debug|iPhone.Deploy.0 = Debug|Any CPU
		{33577E1C-6C23-40DF-BF55-161B5E02630C}.Debug|iPhoneSimulator.ActiveCfg = Debug|Any CPU
		{33577E1C-6C23-40DF-BF55-161B5E02630C}.Debug|iPhoneSimulator.Build.0 = Debug|Any CPU
		{33577E1C-6C23-40DF-BF55-161B5E02630C}.Debug|iPhoneSimulator.Deploy.0 = Debug|Any CPU
		{33577E1C-6C23-40DF-BF55-161B5E02630C}.Debug|x64.ActiveCfg = Debug|Any CPU
		{33577E1C-6C23-40DF-BF55-161B5E02630C}.Debug|x64.Build.0 = Debug|Any CPU
		{33577E1C-6C23-40DF-BF55-161B5E02630C}.Debug|x64.Deploy.0 = Debug|Any CPU
		{33577E1C-6C23-40DF-BF55-161B5E02630C}.Debug|x86.ActiveCfg = Debug|Any CPU
		{33577E1C-6C23-40DF-BF55-161B5E02630C}.Debug|x86.Build.0 = Debug|Any CPU
		{33577E1C-6C23-40DF-BF55-161B5E02630C}.Debug|x86.Deploy.0 = Debug|Any CPU
		{33577E1C-6C23-40DF-BF55-161B5E02630C}.Release|Any CPU.ActiveCfg = Release|Any CPU
		{33577E1C-6C23-40DF-BF55-161B5E02630C}.Release|Any CPU.Build.0 = Release|Any CPU
		{33577E1C-6C23-40DF-BF55-161B5E02630C}.Release|Any CPU.Deploy.0 = Release|Any CPU
		{33577E1C-6C23-40DF-BF55-161B5E02630C}.Release|ARM.ActiveCfg = Release|Any CPU
		{33577E1C-6C23-40DF-BF55-161B5E02630C}.Release|ARM.Build.0 = Release|Any CPU
		{33577E1C-6C23-40DF-BF55-161B5E02630C}.Release|ARM.Deploy.0 = Release|Any CPU
		{33577E1C-6C23-40DF-BF55-161B5E02630C}.Release|iPhone.ActiveCfg = Release|Any CPU
		{33577E1C-6C23-40DF-BF55-161B5E02630C}.Release|iPhone.Build.0 = Release|Any CPU
		{33577E1C-6C23-40DF-BF55-161B5E02630C}.Release|iPhone.Deploy.0 = Release|Any CPU
		{33577E1C-6C23-40DF-BF55-161B5E02630C}.Release|iPhoneSimulator.ActiveCfg = Release|Any CPU
		{33577E1C-6C23-40DF-BF55-161B5E02630C}.Release|iPhoneSimulator.Build.0 = Release|Any CPU
		{33577E1C-6C23-40DF-BF55-161B5E02630C}.Release|iPhoneSimulator.Deploy.0 = Release|Any CPU
		{33577E1C-6C23-40DF-BF55-161B5E02630C}.Release|x64.ActiveCfg = Release|Any CPU
		{33577E1C-6C23-40DF-BF55-161B5E02630C}.Release|x64.Build.0 = Release|Any CPU
		{33577E1C-6C23-40DF-BF55-161B5E02630C}.Release|x64.Deploy.0 = Release|Any CPU
		{33577E1C-6C23-40DF-BF55-161B5E02630C}.Release|x86.ActiveCfg = Release|Any CPU
		{33577E1C-6C23-40DF-BF55-161B5E02630C}.Release|x86.Build.0 = Release|Any CPU
		{33577E1C-6C23-40DF-BF55-161B5E02630C}.Release|x86.Deploy.0 = Release|Any CPU
		{FCCB20B8-D417-4CF1-9404-9D6FE4D85AC8}.Debug|Any CPU.ActiveCfg = Debug|x86
		{FCCB20B8-D417-4CF1-9404-9D6FE4D85AC8}.Debug|ARM.ActiveCfg = Debug|ARM
		{FCCB20B8-D417-4CF1-9404-9D6FE4D85AC8}.Debug|ARM.Build.0 = Debug|ARM
		{FCCB20B8-D417-4CF1-9404-9D6FE4D85AC8}.Debug|ARM.Deploy.0 = Debug|ARM
		{FCCB20B8-D417-4CF1-9404-9D6FE4D85AC8}.Debug|iPhone.ActiveCfg = Debug|x86
		{FCCB20B8-D417-4CF1-9404-9D6FE4D85AC8}.Debug|iPhoneSimulator.ActiveCfg = Debug|x86
		{FCCB20B8-D417-4CF1-9404-9D6FE4D85AC8}.Debug|x64.ActiveCfg = Debug|x64
		{FCCB20B8-D417-4CF1-9404-9D6FE4D85AC8}.Debug|x64.Build.0 = Debug|x64
		{FCCB20B8-D417-4CF1-9404-9D6FE4D85AC8}.Debug|x64.Deploy.0 = Debug|x64
		{FCCB20B8-D417-4CF1-9404-9D6FE4D85AC8}.Debug|x86.ActiveCfg = Debug|x86
		{FCCB20B8-D417-4CF1-9404-9D6FE4D85AC8}.Debug|x86.Build.0 = Debug|x86
		{FCCB20B8-D417-4CF1-9404-9D6FE4D85AC8}.Debug|x86.Deploy.0 = Debug|x86
		{FCCB20B8-D417-4CF1-9404-9D6FE4D85AC8}.Release|Any CPU.ActiveCfg = Release|x86
		{FCCB20B8-D417-4CF1-9404-9D6FE4D85AC8}.Release|ARM.ActiveCfg = Release|ARM
		{FCCB20B8-D417-4CF1-9404-9D6FE4D85AC8}.Release|ARM.Build.0 = Release|ARM
		{FCCB20B8-D417-4CF1-9404-9D6FE4D85AC8}.Release|ARM.Deploy.0 = Release|ARM
		{FCCB20B8-D417-4CF1-9404-9D6FE4D85AC8}.Release|iPhone.ActiveCfg = Release|x86
		{FCCB20B8-D417-4CF1-9404-9D6FE4D85AC8}.Release|iPhoneSimulator.ActiveCfg = Release|x86
		{FCCB20B8-D417-4CF1-9404-9D6FE4D85AC8}.Release|x64.ActiveCfg = Release|x64
		{FCCB20B8-D417-4CF1-9404-9D6FE4D85AC8}.Release|x64.Build.0 = Release|x64
		{FCCB20B8-D417-4CF1-9404-9D6FE4D85AC8}.Release|x64.Deploy.0 = Release|x64
		{FCCB20B8-D417-4CF1-9404-9D6FE4D85AC8}.Release|x86.ActiveCfg = Release|x86
		{FCCB20B8-D417-4CF1-9404-9D6FE4D85AC8}.Release|x86.Build.0 = Release|x86
		{FCCB20B8-D417-4CF1-9404-9D6FE4D85AC8}.Release|x86.Deploy.0 = Release|x86
		{316637F6-EF10-48D1-A7C0-86C67A45C37B}.Debug|Any CPU.ActiveCfg = Debug|Any CPU
		{316637F6-EF10-48D1-A7C0-86C67A45C37B}.Debug|Any CPU.Build.0 = Debug|Any CPU
		{316637F6-EF10-48D1-A7C0-86C67A45C37B}.Debug|ARM.ActiveCfg = Debug|Any CPU
		{316637F6-EF10-48D1-A7C0-86C67A45C37B}.Debug|ARM.Build.0 = Debug|Any CPU
		{316637F6-EF10-48D1-A7C0-86C67A45C37B}.Debug|iPhone.ActiveCfg = Debug|Any CPU
		{316637F6-EF10-48D1-A7C0-86C67A45C37B}.Debug|iPhone.Build.0 = Debug|Any CPU
		{316637F6-EF10-48D1-A7C0-86C67A45C37B}.Debug|iPhoneSimulator.ActiveCfg = Debug|Any CPU
		{316637F6-EF10-48D1-A7C0-86C67A45C37B}.Debug|iPhoneSimulator.Build.0 = Debug|Any CPU
		{316637F6-EF10-48D1-A7C0-86C67A45C37B}.Debug|x64.ActiveCfg = Debug|Any CPU
		{316637F6-EF10-48D1-A7C0-86C67A45C37B}.Debug|x64.Build.0 = Debug|Any CPU
		{316637F6-EF10-48D1-A7C0-86C67A45C37B}.Debug|x86.ActiveCfg = Debug|Any CPU
		{316637F6-EF10-48D1-A7C0-86C67A45C37B}.Debug|x86.Build.0 = Debug|Any CPU
		{316637F6-EF10-48D1-A7C0-86C67A45C37B}.Release|Any CPU.ActiveCfg = Release|Any CPU
		{316637F6-EF10-48D1-A7C0-86C67A45C37B}.Release|Any CPU.Build.0 = Release|Any CPU
		{316637F6-EF10-48D1-A7C0-86C67A45C37B}.Release|ARM.ActiveCfg = Release|Any CPU
		{316637F6-EF10-48D1-A7C0-86C67A45C37B}.Release|ARM.Build.0 = Release|Any CPU
		{316637F6-EF10-48D1-A7C0-86C67A45C37B}.Release|iPhone.ActiveCfg = Release|Any CPU
		{316637F6-EF10-48D1-A7C0-86C67A45C37B}.Release|iPhone.Build.0 = Release|Any CPU
		{316637F6-EF10-48D1-A7C0-86C67A45C37B}.Release|iPhoneSimulator.ActiveCfg = Release|Any CPU
		{316637F6-EF10-48D1-A7C0-86C67A45C37B}.Release|iPhoneSimulator.Build.0 = Release|Any CPU
		{316637F6-EF10-48D1-A7C0-86C67A45C37B}.Release|x64.ActiveCfg = Release|Any CPU
		{316637F6-EF10-48D1-A7C0-86C67A45C37B}.Release|x64.Build.0 = Release|Any CPU
		{316637F6-EF10-48D1-A7C0-86C67A45C37B}.Release|x86.ActiveCfg = Release|Any CPU
		{316637F6-EF10-48D1-A7C0-86C67A45C37B}.Release|x86.Build.0 = Release|Any CPU
		{DE546EB7-60B5-4D87-9226-E5C1AB822F93}.Debug|Any CPU.ActiveCfg = Debug|Any CPU
		{DE546EB7-60B5-4D87-9226-E5C1AB822F93}.Debug|Any CPU.Build.0 = Debug|Any CPU
		{DE546EB7-60B5-4D87-9226-E5C1AB822F93}.Debug|ARM.ActiveCfg = Debug|Any CPU
		{DE546EB7-60B5-4D87-9226-E5C1AB822F93}.Debug|ARM.Build.0 = Debug|Any CPU
		{DE546EB7-60B5-4D87-9226-E5C1AB822F93}.Debug|iPhone.ActiveCfg = Debug|Any CPU
		{DE546EB7-60B5-4D87-9226-E5C1AB822F93}.Debug|iPhone.Build.0 = Debug|Any CPU
		{DE546EB7-60B5-4D87-9226-E5C1AB822F93}.Debug|iPhoneSimulator.ActiveCfg = Debug|Any CPU
		{DE546EB7-60B5-4D87-9226-E5C1AB822F93}.Debug|iPhoneSimulator.Build.0 = Debug|Any CPU
		{DE546EB7-60B5-4D87-9226-E5C1AB822F93}.Debug|x64.ActiveCfg = Debug|Any CPU
		{DE546EB7-60B5-4D87-9226-E5C1AB822F93}.Debug|x64.Build.0 = Debug|Any CPU
		{DE546EB7-60B5-4D87-9226-E5C1AB822F93}.Debug|x86.ActiveCfg = Debug|Any CPU
		{DE546EB7-60B5-4D87-9226-E5C1AB822F93}.Debug|x86.Build.0 = Debug|Any CPU
		{DE546EB7-60B5-4D87-9226-E5C1AB822F93}.Release|Any CPU.ActiveCfg = Release|Any CPU
		{DE546EB7-60B5-4D87-9226-E5C1AB822F93}.Release|Any CPU.Build.0 = Release|Any CPU
		{DE546EB7-60B5-4D87-9226-E5C1AB822F93}.Release|ARM.ActiveCfg = Release|Any CPU
		{DE546EB7-60B5-4D87-9226-E5C1AB822F93}.Release|ARM.Build.0 = Release|Any CPU
		{DE546EB7-60B5-4D87-9226-E5C1AB822F93}.Release|iPhone.ActiveCfg = Release|Any CPU
		{DE546EB7-60B5-4D87-9226-E5C1AB822F93}.Release|iPhone.Build.0 = Release|Any CPU
		{DE546EB7-60B5-4D87-9226-E5C1AB822F93}.Release|iPhoneSimulator.ActiveCfg = Release|Any CPU
		{DE546EB7-60B5-4D87-9226-E5C1AB822F93}.Release|iPhoneSimulator.Build.0 = Release|Any CPU
		{DE546EB7-60B5-4D87-9226-E5C1AB822F93}.Release|x64.ActiveCfg = Release|Any CPU
		{DE546EB7-60B5-4D87-9226-E5C1AB822F93}.Release|x64.Build.0 = Release|Any CPU
		{DE546EB7-60B5-4D87-9226-E5C1AB822F93}.Release|x86.ActiveCfg = Release|Any CPU
		{DE546EB7-60B5-4D87-9226-E5C1AB822F93}.Release|x86.Build.0 = Release|Any CPU
	EndGlobalSection
	GlobalSection(SolutionProperties) = preSolution
		HideSolutionNode = FALSE
	EndGlobalSection
	GlobalSection(NestedProjects) = preSolution
		{5F2FB185-4442-4C91-8BA1-E569A1A3E308} = {A2C22E8A-C757-4652-864B-3760E1E0FE23}
		{B3A72453-EC6C-48D5-9A13-C5414F6902AB} = {5F2FB185-4442-4C91-8BA1-E569A1A3E308}
		{48801D64-75CF-42FC-89E8-63D6E3B62440} = {5F2FB185-4442-4C91-8BA1-E569A1A3E308}
		{977F72E7-20AA-4532-971F-710F8DE5B92C} = {5F2FB185-4442-4C91-8BA1-E569A1A3E308}
		{A26B9456-E10C-40AC-92DF-4ADC6FDB6DA0} = {5F2FB185-4442-4C91-8BA1-E569A1A3E308}
		{DC042C3F-080D-49AA-8AC6-4F397CE79EA4} = {5F2FB185-4442-4C91-8BA1-E569A1A3E308}
		{CC1E60AA-FE06-4F1F-A1AD-63FD9A66F1C3} = {133C21FE-310E-49F0-8CC2-C2666CCEEFEF}
		{33577E1C-6C23-40DF-BF55-161B5E02630C} = {133C21FE-310E-49F0-8CC2-C2666CCEEFEF}
		{FCCB20B8-D417-4CF1-9404-9D6FE4D85AC8} = {133C21FE-310E-49F0-8CC2-C2666CCEEFEF}
		{316637F6-EF10-48D1-A7C0-86C67A45C37B} = {AC343DC1-09CB-4577-928A-7B2B606289D7}
		{DE546EB7-60B5-4D87-9226-E5C1AB822F93} = {5F2FB185-4442-4C91-8BA1-E569A1A3E308}
	EndGlobalSection
	GlobalSection(ExtensibilityGlobals) = postSolution
		SolutionGuid = {31C04DA9-8654-42C1-B8E0-705F624D42D8}
	EndGlobalSection
EndGlobal
